
Microsoft Visual Studio Solution File, Format Version 12.00
# Visual Studio Version 17
VisualStudioVersion = 17.14.36414.22 d17.14
MinimumVisualStudioVersion = 10.0.40219.1
Project("{FAE04EC0-301F-11D3-BF4B-00C04F79EFBC}") = "WhatsAppTicketCustomer", "WhatsAppTicketCustomer\WhatsAppTicketCustomer.csproj", "{5CD37BA4-E273-49F3-A2F4-69D756E75124}"
EndProject
Global
	GlobalSection(SolutionConfigurationPlatforms) = preSolution
		Debug|Any CPU = Debug|Any CPU
		Release|Any CPU = Release|Any CPU
	EndGlobalSection
	GlobalSection(ProjectConfigurationPlatforms) = postSolution
		{5CD37BA4-E273-49F3-A2F4-69D756E75124}.Debug|Any CPU.ActiveCfg = Debug|Any CPU
		{5CD37BA4-E273-49F3-A2F4-69D756E75124}.Debug|Any CPU.Build.0 = Debug|Any CPU
		{5CD37BA4-E273-49F3-A2F4-69D756E75124}.Release|Any CPU.ActiveCfg = Release|Any CPU
		{5CD37BA4-E273-49F3-A2F4-69D756E75124}.Release|Any CPU.Build.0 = Release|Any CPU
	EndGlobalSection
	GlobalSection(SolutionProperties) = preSolution
		HideSolutionNode = FALSE
	EndGlobalSection
	GlobalSection(ExtensibilityGlobals) = postSolution
		SolutionGuid = {8E79A8EB-681A-4160-8867-E7CDA8023769}
	EndGlobalSection
EndGlobal
